
Microsoft Visual Studio Solution File, Format Version 12.00
# Visual Studio Version 16
VisualStudioVersion = 16.0.30406.217
MinimumVisualStudioVersion = 10.0.40219.1
Project("{FAE04EC0-301F-11D3-BF4B-00C04F79EFBC}") = "BetterConsoleApp", "BetterConsoleApp\BetterConsoleApp.csproj", "{9F49C33E-BA48-4C53-82E9-362CD7FCBBA0}"
EndProject
Global
	GlobalSection(SolutionConfigurationPlatforms) = preSolution
		Debug|Any CPU = Debug|Any CPU
		Release|Any CPU = Release|Any CPU
	EndGlobalSection
	GlobalSection(ProjectConfigurationPlatforms) = postSolution
		{9F49C33E-BA48-4C53-82E9-362CD7FCBBA0}.Debug|Any CPU.ActiveCfg = Debug|Any CPU
		{9F49C33E-BA48-4C53-82E9-362CD7FCBBA0}.Debug|Any CPU.Build.0 = Debug|Any CPU
		{9F49C33E-BA48-4C53-82E9-362CD7FCBBA0}.Release|Any CPU.ActiveCfg = Release|Any CPU
		{9F49C33E-BA48-4C53-82E9-362CD7FCBBA0}.Release|Any CPU.Build.0 = Release|Any CPU
	EndGlobalSection
	GlobalSection(SolutionProperties) = preSolution
		HideSolutionNode = FALSE
	EndGlobalSection
	GlobalSection(ExtensibilityGlobals) = postSolution
		SolutionGuid = {A8F2BAF9-59B6-4B6C-AFCC-37A829910F41}
	EndGlobalSection
EndGlobal
